
Microsoft Visual Studio Solution File, Format Version 12.00
# Visual Studio Version 17
VisualStudioVersion = 17.4.33122.133
MinimumVisualStudioVersion = 10.0.40219.1
Project("{FAE04EC0-301F-11D3-BF4B-00C04F79EFBC}") = "Warehouse Management", "Warehouse Management\Warehouse Management.csproj", "{FC480371-C9A5-4D0D-A8FE-BFBC0F6FC35C}"
EndProject
Global
	GlobalSection(SolutionConfigurationPlatforms) = preSolution
		Debug|Any CPU = Debug|Any CPU
		Release|Any CPU = Release|Any CPU
	EndGlobalSection
	GlobalSection(ProjectConfigurationPlatforms) = postSolution
		{FC480371-C9A5-4D0D-A8FE-BFBC0F6FC35C}.Debug|Any CPU.ActiveCfg = Debug|Any CPU
		{FC480371-C9A5-4D0D-A8FE-BFBC0F6FC35C}.Debug|Any CPU.Build.0 = Debug|Any CPU
		{FC480371-C9A5-4D0D-A8FE-BFBC0F6FC35C}.Release|Any CPU.ActiveCfg = Release|Any CPU
		{FC480371-C9A5-4D0D-A8FE-BFBC0F6FC35C}.Release|Any CPU.Build.0 = Release|Any CPU
	EndGlobalSection
	GlobalSection(SolutionProperties) = preSolution
		HideSolutionNode = FALSE
	EndGlobalSection
	GlobalSection(ExtensibilityGlobals) = postSolution
		SolutionGuid = {B475ED67-C0CC-4E57-AD37-332BCB9B7CE6}
	EndGlobalSection
EndGlobal
